
Microsoft Visual Studio Solution File, Format Version 12.00
# Visual Studio Version 16
VisualStudioVersion = 16.0.31410.357
MinimumVisualStudioVersion = 10.0.40219.1
Project("{FAE04EC0-301F-11D3-BF4B-00C04F79EFBC}") = "BargainsForCouplesConsumer", "BargainsForCouplesConsumer\BargainsForCouplesConsumer.csproj", "{3927C43B-FC6F-42FD-97D4-A1D2BCC5BDAF}"
EndProject
Global
	GlobalSection(SolutionConfigurationPlatforms) = preSolution
		Debug|Any CPU = Debug|Any CPU
		Release|Any CPU = Release|Any CPU
	EndGlobalSection
	GlobalSection(ProjectConfigurationPlatforms) = postSolution
		{3927C43B-FC6F-42FD-97D4-A1D2BCC5BDAF}.Debug|Any CPU.ActiveCfg = Debug|Any CPU
		{3927C43B-FC6F-42FD-97D4-A1D2BCC5BDAF}.Debug|Any CPU.Build.0 = Debug|Any CPU
		{3927C43B-FC6F-42FD-97D4-A1D2BCC5BDAF}.Release|Any CPU.ActiveCfg = Release|Any CPU
		{3927C43B-FC6F-42FD-97D4-A1D2BCC5BDAF}.Release|Any CPU.Build.0 = Release|Any CPU
	EndGlobalSection
	GlobalSection(SolutionProperties) = preSolution
		HideSolutionNode = FALSE
	EndGlobalSection
	GlobalSection(ExtensibilityGlobals) = postSolution
		SolutionGuid = {D0DE237B-3F3D-4ECA-8FD5-C74C2CD0406D}
	EndGlobalSection
EndGlobal
